// !$*UTF8*$!
{
	archiveVersion = 1;
	classes = {
	};
	objectVersion = 56;
	objects = {

/* Begin PBXBuildFile section */
		C160FBDA2BDBEA9A00D98571 /* RedFMTorontoApp.swift in Sources */ = {isa = PBXBuildFile; fileRef = C160FBD92BDBEA9A00D98571 /* RedFMTorontoApp.swift */; };
		C160FBDC2BDBEA9A00D98571 /* ContentView.swift in Sources */ = {isa = PBXBuildFile; fileRef = C160FBDB2BDBEA9A00D98571 /* ContentView.swift */; };
		C160FBDE2BDBEA9D00D98571 /* Assets.xcassets in Resources */ = {isa = PBXBuildFile; fileRef = C160FBDD2BDBEA9D00D98571 /* Assets.xcassets */; };
		C160FBE12BDBEA9D00D98571 /* Preview Assets.xcassets in Resources */ = {isa = PBXBuildFile; fileRef = C160FBE02BDBEA9D00D98571 /* Preview Assets.xcassets */; };
		C160FBE82BDC045F00D98571 /* Channel.swift in Sources */ = {isa = PBXBuildFile; fileRef = C160FBE72BDC045F00D98571 /* Channel.swift */; };
		C160FBEA2BDC048800D98571 /* ChannelView.swift in Sources */ = {isa = PBXBuildFile; fileRef = C160FBE92BDC048800D98571 /* ChannelView.swift */; };
		C160FBEC2BDC04CB00D98571 /* PlayerView.swift in Sources */ = {isa = PBXBuildFile; fileRef = C160FBEB2BDC04CB00D98571 /* PlayerView.swift */; };
		C160FBEE2BDC0A4600D98571 /* PlayView.swift in Sources */ = {isa = PBXBuildFile; fileRef = C160FBED2BDC0A4600D98571 /* PlayView.swift */; };
/* End PBXBuildFile section */

/* Begin PBXFileReference section */
		C160FBD62BDBEA9A00D98571 /* RedFMToronto.app */ = {isa = PBXFileReference; explicitFileType = wrapper.application; includeInIndex = 0; path = RedFMToronto.app; sourceTree = BUILT_PRODUCTS_DIR; };
		C160FBD92BDBEA9A00D98571 /* RedFMTorontoApp.swift */ = {isa = PBXFileReference; lastKnownFileType = sourcecode.swift; path = RedFMTorontoApp.swift; sourceTree = "<group>"; };
		C160FBDB2BDBEA9A00D98571 /* ContentView.swift */ = {isa = PBXFileReference; lastKnownFileType = sourcecode.swift; path = ContentView.swift; sourceTree = "<group>"; };
		C160FBDD2BDBEA9D00D98571 /* Assets.xcassets */ = {isa = PBXFileReference; lastKnownFileType = folder.assetcatalog; path = Assets.xcassets; sourceTree = "<group>"; };
		C160FBE02BDBEA9D00D98571 /* Preview Assets.xcassets */ = {isa = PBXFileReference; lastKnownFileType = folder.assetcatalog; path = "Preview Assets.xcassets"; sourceTree = "<group>"; };
		C160FBE72BDC045F00D98571 /* Channel.swift */ = {isa = PBXFileReference; lastKnownFileType = sourcecode.swift; path = Channel.swift; sourceTree = "<group>"; };
		C160FBE92BDC048800D98571 /* ChannelView.swift */ = {isa = PBXFileReference; lastKnownFileType = sourcecode.swift; path = ChannelView.swift; sourceTree = "<group>"; };
		C160FBEB2BDC04CB00D98571 /* PlayerView.swift */ = {isa = PBXFileReference; lastKnownFileType = sourcecode.swift; path = PlayerView.swift; sourceTree = "<group>"; };
		C160FBED2BDC0A4600D98571 /* PlayView.swift */ = {isa = PBXFileReference; lastKnownFileType = sourcecode.swift; path = PlayView.swift; sourceTree = "<group>"; };
/* End PBXFileReference section */

/* Begin PBXFrameworksBuildPhase section */
		C160FBD32BDBEA9A00D98571 /* Frameworks */ = {
			isa = PBXFrameworksBuildPhase;
			buildActionMask = 2147483647;
			files = (
			);
			runOnlyForDeploymentPostprocessing = 0;
		};
/* End PBXFrameworksBuildPhase section */

/* Begin PBXGroup section */
		C160FBCD2BDBEA9A00D98571 = {
			isa = PBXGroup;
			children = (
				C160FBD82BDBEA9A00D98571 /* RedFMToronto */,
				C160FBD72BDBEA9A00D98571 /* Products */,
			);
			sourceTree = "<group>";
		};
		C160FBD72BDBEA9A00D98571 /* Products */ = {
			isa = PBXGroup;
			children = (
				C160FBD62BDBEA9A00D98571 /* RedFMToronto.app */,
			);
			name = Products;
			sourceTree = "<group>";
		};
		C160FBD82BDBEA9A00D98571 /* RedFMToronto */ = {
			isa = PBXGroup;
			children = (
				C160FBD92BDBEA9A00D98571 /* RedFMTorontoApp.swift */,
				C160FBE72BDC045F00D98571 /* Channel.swift */,
				C160FBED2BDC0A4600D98571 /* PlayView.swift */,
				C160FBE92BDC048800D98571 /* ChannelView.swift */,
				C160FBEB2BDC04CB00D98571 /* PlayerView.swift */,
				C160FBDB2BDBEA9A00D98571 /* ContentView.swift */,
				C160FBDD2BDBEA9D00D98571 /* Assets.xcassets */,
				C160FBDF2BDBEA9D00D98571 /* Preview Content */,
			);
			path = RedFMToronto;
			sourceTree = "<group>";
		};
		C160FBDF2BDBEA9D00D98571 /* Preview Content */ = {
			isa = PBXGroup;
			children = (
				C160FBE02BDBEA9D00D98571 /* Preview Assets.xcassets */,
			);
			path = "Preview Content";
			sourceTree = "<group>";
		};
/* End PBXGroup section */

/* Begin PBXNativeTarget section */
		C160FBD52BDBEA9A00D98571 /* RedFMToronto */ = {
			isa = PBXNativeTarget;
			buildConfigurationList = C160FBE42BDBEA9D00D98571 /* Build configuration list for PBXNativeTarget "RedFMToronto" */;
			buildPhases = (
				C160FBD22BDBEA9A00D98571 /* Sources */,
				C160FBD32BDBEA9A00D98571 /* Frameworks */,
				C160FBD42BDBEA9A00D98571 /* Resources */,
			);
			buildRules = (
			);
			dependencies = (
			);
			name = RedFMToronto;
			productName = RedFMToronto;
			productReference = C160FBD62BDBEA9A00D98571 /* RedFMToronto.app */;
			productType = "com.apple.product-type.application";
		};
/* End PBXNativeTarget section */

/* Begin PBXProject section */
		C160FBCE2BDBEA9A00D98571 /* Project object */ = {
			isa = PBXProject;
			attributes = {
				BuildIndependentTargetsInParallel = 1;
				LastSwiftUpdateCheck = 1530;
				LastUpgradeCheck = 1530;
				TargetAttributes = {
					C160FBD52BDBEA9A00D98571 = {
						CreatedOnToolsVersion = 15.3;
					};
				};
			};
			buildConfigurationList = C160FBD12BDBEA9A00D98571 /* Build configuration list for PBXProject "RedFMToronto" */;
			compatibilityVersion = "Xcode 14.0";
			developmentRegion = en;
			hasScannedForEncodings = 0;
			knownRegions = (
				en,
				Base,
			);
			mainGroup = C160FBCD2BDBEA9A00D98571;
			productRefGroup = C160FBD72BDBEA9A00D98571 /* Products */;
			projectDirPath = "";
			projectRoot = "";
			targets = (
				C160FBD52BDBEA9A00D98571 /* RedFMToronto */,
			);
		};
/* End PBXProject section */

/* Begin PBXResourcesBuildPhase section */
		C160FBD42BDBEA9A00D98571 /* Resources */ = {
			isa = PBXResourcesBuildPhase;
			buildActionMask = 2147483647;
			files = (
				C160FBE12BDBEA9D00D98571 /* Preview Assets.xcassets in Resources */,
				C160FBDE2BDBEA9D00D98571 /* Assets.xcassets in Resources */,
			);
			runOnlyForDeploymentPostprocessing = 0;
		};
/* End PBXResourcesBuildPhase section */

/* Begin PBXSourcesBuildPhase section */
		C160FBD22BDBEA9A00D98571 /* Sources */ = {
			isa = PBXSourcesBuildPhase;
			buildActionMask = 2147483647;
			files = (
				C160FBEE2BDC0A4600D98571 /* PlayView.swift in Sources */,
				C160FBEA2BDC048800D98571 /* ChannelView.swift in Sources */,
				C160FBDC2BDBEA9A00D98571 /* ContentView.swift in Sources */,
				C160FBE82BDC045F00D98571 /* Channel.swift in Sources */,
				C160FBEC2BDC04CB00D98571 /* PlayerView.swift in Sources */,
				C160FBDA2BDBEA9A00D98571 /* RedFMTorontoApp.swift in Sources */,
			);
			runOnlyForDeploymentPostprocessing = 0;
		};
/* End PBXSourcesBuildPhase section */

/* Begin XCBuildConfiguration section */
		C160FBE22BDBEA9D00D98571 /* Debug */ = {
			isa = XCBuildConfiguration;
			buildSettings = {
				ALWAYS_SEARCH_USER_PATHS = NO;
				ASSETCATALOG_COMPILER_GENERATE_SWIFT_ASSET_SYMBOL_EXTENSIONS = YES;
				CLANG_ANALYZER_NONNULL = YES;
				CLANG_ANALYZER_NUMBER_OBJECT_CONVERSION = YES_AGGRESSIVE;
				CLANG_CXX_LANGUAGE_STANDARD = "gnu++20";
				CLANG_ENABLE_MODULES = YES;
				CLANG_ENABLE_OBJC_ARC = YES;
				CLANG_ENABLE_OBJC_WEAK = YES;
				CLANG_WARN_BLOCK_CAPTURE_AUTORELEASING = YES;
				CLANG_WARN_BOOL_CONVERSION = YES;
				CLANG_WARN_COMMA = YES;
				CLANG_WARN_CONSTANT_CONVERSION = YES;
				CLANG_WARN_DEPRECATED_OBJC_IMPLEMENTATIONS = YES;
				CLANG_WARN_DIRECT_OBJC_ISA_USAGE = YES_ERROR;
				CLANG_WARN_DOCUMENTATION_COMMENTS = YES;
				CLANG_WARN_EMPTY_BODY = YES;
				CLANG_WARN_ENUM_CONVERSION = YES;
				CLANG_WARN_INFINITE_RECURSION = YES;
				CLANG_WARN_INT_CONVERSION = YES;
				CLANG_WARN_NON_LITERAL_NULL_CONVERSION = YES;
				CLANG_WARN_OBJC_IMPLICIT_RETAIN_SELF = YES;
				CLANG_WARN_OBJC_LITERAL_CONVERSION = YES;
				CLANG_WARN_OBJC_ROOT_CLASS = YES_ERROR;
				CLANG_WARN_QUOTED_INCLUDE_IN_FRAMEWORK_HEADER = YES;
				CLANG_WARN_RANGE_LOOP_ANALYSIS = YES;
				CLANG_WARN_STRICT_PROTOTYPES = YES;
				CLANG_WARN_SUSPICIOUS_MOVE = YES;
				CLANG_WARN_UNGUARDED_AVAILABILITY = YES_AGGRESSIVE;
				CLANG_WARN_UNREACHABLE_CODE = YES;
				CLANG_WARN__DUPLICATE_METHOD_MATCH = YES;
				COPY_PHASE_STRIP = NO;
				DEBUG_INFORMATION_FORMAT = dwarf;
				ENABLE_STRICT_OBJC_MSGSEND = YES;
				ENABLE_TESTABILITY = YES;
				ENABLE_USER_SCRIPT_SANDBOXING = YES;
				GCC_C_LANGUAGE_STANDARD = gnu17;
				GCC_DYNAMIC_NO_PIC = NO;
				GCC_NO_COMMON_BLOCKS = YES;
				GCC_OPTIMIZATION_LEVEL = 0;
				GCC_PREPROCESSOR_DEFINITIONS = (
					"DEBUG=1",
					"$(inherited)",
				);
				GCC_WARN_64_TO_32_BIT_CONVERSION = YES;
				GCC_WARN_ABOUT_RETURN_TYPE = YES_ERROR;
				GCC_WARN_UNDECLARED_SELECTOR = YES;
				GCC_WARN_UNINITIALIZED_AUTOS = YES_AGGRESSIVE;
				GCC_WARN_UNUSED_FUNCTION = YES;
				GCC_WARN_UNUSED_VARIABLE = YES;
				IPHONEOS_DEPLOYMENT_TARGET = 17.4;
				LOCALIZATION_PREFERS_STRING_CATALOGS = YES;
				MTL_ENABLE_DEBUG_INFO = INCLUDE_SOURCE;
				MTL_FAST_MATH = YES;
				ONLY_ACTIVE_ARCH = YES;
				SDKROOT = iphoneos;
				SWIFT_ACTIVE_COMPILATION_CONDITIONS = "DEBUG $(inherited)";
				SWIFT_OPTIMIZATION_LEVEL = "-Onone";
			};
			name = Debug;
		};
		C160FBE32BDBEA9D00D98571 /* Release */ = {
			isa = XCBuildConfiguration;
			buildSettings = {
				ALWAYS_SEARCH_USER_PATHS = NO;
				ASSETCATALOG_COMPILER_GENERATE_SWIFT_ASSET_SYMBOL_EXTENSIONS = YES;
				CLANG_ANALYZER_NONNULL = YES;
				CLANG_ANALYZER_NUMBER_OBJECT_CONVERSION = YES_AGGRESSIVE;
				CLANG_CXX_LANGUAGE_STANDARD = "gnu++20";
				CLANG_ENABLE_MODULES = YES;
				CLANG_ENABLE_OBJC_ARC = YES;
				CLANG_ENABLE_OBJC_WEAK = YES;
				CLANG_WARN_BLOCK_CAPTURE_AUTORELEASING = YES;
				CLANG_WARN_BOOL_CONVERSION = YES;
				CLANG_WARN_COMMA = YES;
				CLANG_WARN_CONSTANT_CONVERSION = YES;
				CLANG_WARN_DEPRECATED_OBJC_IMPLEMENTATIONS = YES;
				CLANG_WARN_DIRECT_OBJC_ISA_USAGE = YES_ERROR;
				CLANG_WARN_DOCUMENTATION_COMMENTS = YES;
				CLANG_WARN_EMPTY_BODY = YES;
				CLANG_WARN_ENUM_CONVERSION = YES;
				CLANG_WARN_INFINITE_RECURSION = YES;
				CLANG_WARN_INT_CONVERSION = YES;
				CLANG_WARN_NON_LITERAL_NULL_CONVERSION = YES;
				CLANG_WARN_OBJC_IMPLICIT_RETAIN_SELF = YES;
				CLANG_WARN_OBJC_LITERAL_CONVERSION = YES;
				CLANG_WARN_OBJC_ROOT_CLASS = YES_ERROR;
				CLANG_WARN_QUOTED_INCLUDE_IN_FRAMEWORK_HEADER = YES;
				CLANG_WARN_RANGE_LOOP_ANALYSIS = YES;
				CLANG_WARN_STRICT_PROTOTYPES = YES;
				CLANG_WARN_SUSPICIOUS_MOVE = YES;
				CLANG_WARN_UNGUARDED_AVAILABILITY = YES_AGGRESSIVE;
				CLANG_WARN_UNREACHABLE_CODE = YES;
				CLANG_WARN__DUPLICATE_METHOD_MATCH = YES;
				COPY_PHASE_STRIP = NO;
				DEBUG_INFORMATION_FORMAT = "dwarf-with-dsym";
				ENABLE_NS_ASSERTIONS = NO;
				ENABLE_STRICT_OBJC_MSGSEND = YES;
				ENABLE_USER_SCRIPT_SANDBOXING = YES;
				GCC_C_LANGUAGE_STANDARD = gnu17;
				GCC_NO_COMMON_BLOCKS = YES;
				GCC_WARN_64_TO_32_BIT_CONVERSION = YES;
				GCC_WARN_ABOUT_RETURN_TYPE = YES_ERROR;
				GCC_WARN_UNDECLARED_SELECTOR = YES;
				GCC_WARN_UNINITIALIZED_AUTOS = YES_AGGRESSIVE;
				GCC_WARN_UNUSED_FUNCTION = YES;
				GCC_WARN_UNUSED_VARIABLE = YES;
				IPHONEOS_DEPLOYMENT_TARGET = 17.4;
				LOCALIZATION_PREFERS_STRING_CATALOGS = YES;
				MTL_ENABLE_DEBUG_INFO = NO;
				MTL_FAST_MATH = YES;
				SDKROOT = iphoneos;
				SWIFT_COMPILATION_MODE = wholemodule;
				VALIDATE_PRODUCT = YES;
			};
			name = Release;
		};
		C160FBE52BDBEA9D00D98571 /* Debug */ = {
			isa = XCBuildConfiguration;
			buildSettings = {
				ASSETCATALOG_COMPILER_APPICON_NAME = AppIcon;
				ASSETCATALOG_COMPILER_GLOBAL_ACCENT_COLOR_NAME = AccentColor;
				CODE_SIGN_STYLE = Automatic;
				CURRENT_PROJECT_VERSION = 1;
				DEVELOPMENT_ASSET_PATHS = "\"RedFMToronto/Preview Content\"";
				DEVELOPMENT_TEAM = 2GG6WSV6PN;
				ENABLE_PREVIEWS = YES;
				GENERATE_INFOPLIST_FILE = YES;
				INFOPLIST_KEY_UIApplicationSceneManifest_Generation = YES;
				INFOPLIST_KEY_UIApplicationSupportsIndirectInputEvents = YES;
				INFOPLIST_KEY_UILaunchScreen_Generation = YES;
				INFOPLIST_KEY_UISupportedInterfaceOrientations_iPad = "UIInterfaceOrientationPortrait UIInterfaceOrientationPortraitUpsideDown UIInterfaceOrientationLandscapeLeft UIInterfaceOrientationLandscapeRight";
				INFOPLIST_KEY_UISupportedInterfaceOrientations_iPhone = "UIInterfaceOrientationPortrait UIInterfaceOrientationLandscapeLeft UIInterfaceOrientationLandscapeRight";
				LD_RUNPATH_SEARCH_PATHS = (
					"$(inherited)",
					"@executable_path/Frameworks",
				);
				MARKETING_VERSION = 1.0;
				PRODUCT_BUNDLE_IDENTIFIER = com.aboutmohit.RedFMToronto;
				PRODUCT_NAME = "$(TARGET_NAME)";
				SWIFT_EMIT_LOC_STRINGS = YES;
				SWIFT_VERSION = 5.0;
				TARGETED_DEVICE_FAMILY = "1,2";
			};
			name = Debug;
		};
		C160FBE62BDBEA9D00D98571 /* Release */ = {
			isa = XCBuildConfiguration;
			buildSettings = {
				ASSETCATALOG_COMPILER_APPICON_NAME = AppIcon;
				ASSETCATALOG_COMPILER_GLOBAL_ACCENT_COLOR_NAME = AccentColor;
				CODE_SIGN_STYLE = Automatic;
				CURRENT_PROJECT_VERSION = 1;
				DEVELOPMENT_ASSET_PATHS = "\"RedFMToronto/Preview Content\"";
				DEVELOPMENT_TEAM = 2GG6WSV6PN;
				ENABLE_PREVIEWS = YES;
				GENERATE_INFOPLIST_FILE = YES;
				INFOPLIST_KEY_UIApplicationSceneManifest_Generation = YES;
				INFOPLIST_KEY_UIApplicationSupportsIndirectInputEvents = YES;
				INFOPLIST_KEY_UILaunchScreen_Generation = YES;
				INFOPLIST_KEY_UISupportedInterfaceOrientations_iPad = "UIInterfaceOrientationPortrait UIInterfaceOrientationPortraitUpsideDown UIInterfaceOrientationLandscapeLeft UIInterfaceOrientationLandscapeRight";
				INFOPLIST_KEY_UISupportedInterfaceOrientations_iPhone = "UIInterfaceOrientationPortrait UIInterfaceOrientationLandscapeLeft UIInterfaceOrientationLandscapeRight";
				LD_RUNPATH_SEARCH_PATHS = (
					"$(inherited)",
					"@executable_path/Frameworks",
				);
				MARKETING_VERSION = 1.0;
				PRODUCT_BUNDLE_IDENTIFIER = com.aboutmohit.RedFMToronto;
				PRODUCT_NAME = "$(TARGET_NAME)";
				SWIFT_EMIT_LOC_STRINGS = YES;
				SWIFT_VERSION = 5.0;
				TARGETED_DEVICE_FAMILY = "1,2";
			};
			name = Release;
		};
/* End XCBuildConfiguration section */

/* Begin XCConfigurationList section */
		C160FBD12BDBEA9A00D98571 /* Build configuration list for PBXProject "RedFMToronto" */ = {
			isa = XCConfigurationList;
			buildConfigurations = (
				C160FBE22BDBEA9D00D98571 /* Debug */,
				C160FBE32BDBEA9D00D98571 /* Release */,
			);
			defaultConfigurationIsVisible = 0;
			defaultConfigurationName = Release;
		};
		C160FBE42BDBEA9D00D98571 /* Build configuration list for PBXNativeTarget "RedFMToronto" */ = {
			isa = XCConfigurationList;
			buildConfigurations = (
				C160FBE52BDBEA9D00D98571 /* Debug */,
				C160FBE62BDBEA9D00D98571 /* Release */,
			);
			defaultConfigurationIsVisible = 0;
			defaultConfigurationName = Release;
		};
/* End XCConfigurationList section */
	};
	rootObject = C160FBCE2BDBEA9A00D98571 /* Project object */;
}
